
Microsoft Visual Studio Solution File, Format Version 12.00
# Visual Studio Version 16
VisualStudioVersion = 16.0.30114.105
MinimumVisualStudioVersion = 10.0.40219.1
Project("{FAE04EC0-301F-11D3-BF4B-00C04F79EFBC}") = "vareAPI", "vareAPI\vareAPI.csproj", "{849314D3-D784-4E51-877D-60C24718D7B9}"
EndProject
Project("{FAE04EC0-301F-11D3-BF4B-00C04F79EFBC}") = "kundeAPI", "kundeAPI\kundeAPI.csproj", "{B9C04821-FB0C-4E65-917D-A867C8BF38E0}"
EndProject
Project("{FAE04EC0-301F-11D3-BF4B-00C04F79EFBC}") = "auktionAPI", "auktionAPI\auktionAPI.csproj", "{5FFFEEB9-F6AC-4E32-A141-06658961E63C}"
EndProject
Project("{FAE04EC0-301F-11D3-BF4B-00C04F79EFBC}") = "worker", "worker\worker.csproj", "{0CBD9C28-5B94-42F2-8254-6284B75BC143}"
EndProject
Global
	GlobalSection(SolutionConfigurationPlatforms) = preSolution
		Debug|Any CPU = Debug|Any CPU
		Release|Any CPU = Release|Any CPU
	EndGlobalSection
	GlobalSection(SolutionProperties) = preSolution
		HideSolutionNode = FALSE
	EndGlobalSection
	GlobalSection(ProjectConfigurationPlatforms) = postSolution
		{849314D3-D784-4E51-877D-60C24718D7B9}.Debug|Any CPU.ActiveCfg = Debug|Any CPU
		{849314D3-D784-4E51-877D-60C24718D7B9}.Debug|Any CPU.Build.0 = Debug|Any CPU
		{849314D3-D784-4E51-877D-60C24718D7B9}.Release|Any CPU.ActiveCfg = Release|Any CPU
		{849314D3-D784-4E51-877D-60C24718D7B9}.Release|Any CPU.Build.0 = Release|Any CPU
		{B9C04821-FB0C-4E65-917D-A867C8BF38E0}.Debug|Any CPU.ActiveCfg = Debug|Any CPU
		{B9C04821-FB0C-4E65-917D-A867C8BF38E0}.Debug|Any CPU.Build.0 = Debug|Any CPU
		{B9C04821-FB0C-4E65-917D-A867C8BF38E0}.Release|Any CPU.ActiveCfg = Release|Any CPU
		{B9C04821-FB0C-4E65-917D-A867C8BF38E0}.Release|Any CPU.Build.0 = Release|Any CPU
		{5FFFEEB9-F6AC-4E32-A141-06658961E63C}.Debug|Any CPU.ActiveCfg = Debug|Any CPU
		{5FFFEEB9-F6AC-4E32-A141-06658961E63C}.Debug|Any CPU.Build.0 = Debug|Any CPU
		{5FFFEEB9-F6AC-4E32-A141-06658961E63C}.Release|Any CPU.ActiveCfg = Release|Any CPU
		{5FFFEEB9-F6AC-4E32-A141-06658961E63C}.Release|Any CPU.Build.0 = Release|Any CPU
		{0CBD9C28-5B94-42F2-8254-6284B75BC143}.Debug|Any CPU.ActiveCfg = Debug|Any CPU
		{0CBD9C28-5B94-42F2-8254-6284B75BC143}.Debug|Any CPU.Build.0 = Debug|Any CPU
		{0CBD9C28-5B94-42F2-8254-6284B75BC143}.Release|Any CPU.ActiveCfg = Release|Any CPU
		{0CBD9C28-5B94-42F2-8254-6284B75BC143}.Release|Any CPU.Build.0 = Release|Any CPU
	EndGlobalSection
EndGlobal
